// !$*UTF8*$!
{
	archiveVersion = 1;
	classes = {
	};
	objectVersion = 46;
	objects = {

/* Begin PBXBuildFile section */
		7FBCAD031B48DBD8002C2CF0 /* AppDelegate.swift in Sources */ = {isa = PBXBuildFile; fileRef = 7FBCAD021B48DBD8002C2CF0 /* AppDelegate.swift */; };
		7FBCAD051B48DBD8002C2CF0 /* ViewController.swift in Sources */ = {isa = PBXBuildFile; fileRef = 7FBCAD041B48DBD8002C2CF0 /* ViewController.swift */; };
		7FBCAD081B48DBD8002C2CF0 /* Main.storyboard in Resources */ = {isa = PBXBuildFile; fileRef = 7FBCAD061B48DBD8002C2CF0 /* Main.storyboard */; };
		7FBCAD0A1B48DBD8002C2CF0 /* Images.xcassets in Resources */ = {isa = PBXBuildFile; fileRef = 7FBCAD091B48DBD8002C2CF0 /* Images.xcassets */; };
		7FBCAD0D1B48DBD8002C2CF0 /* LaunchScreen.xib in Resources */ = {isa = PBXBuildFile; fileRef = 7FBCAD0B1B48DBD8002C2CF0 /* LaunchScreen.xib */; };
		7FBCAD191B48DBD9002C2CF0 /* Unwind_with_SwiftTests.swift in Sources */ = {isa = PBXBuildFile; fileRef = 7FBCAD181B48DBD9002C2CF0 /* Unwind_with_SwiftTests.swift */; };
		7FBCAD251B48E060002C2CF0 /* ColorTableViewController.swift in Sources */ = {isa = PBXBuildFile; fileRef = 7FBCAD241B48E060002C2CF0 /* ColorTableViewController.swift */; };
/* End PBXBuildFile section */

/* Begin PBXContainerItemProxy section */
		7FBCAD131B48DBD9002C2CF0 /* PBXContainerItemProxy */ = {
			isa = PBXContainerItemProxy;
			containerPortal = 7FBCACF51B48DBD8002C2CF0 /* Project object */;
			proxyType = 1;
			remoteGlobalIDString = 7FBCACFC1B48DBD8002C2CF0;
			remoteInfo = "Unwind with Swift";
		};
/* End PBXContainerItemProxy section */

/* Begin PBXFileReference section */
		7FBCACFD1B48DBD8002C2CF0 /* Unwind with Swift.app */ = {isa = PBXFileReference; explicitFileType = wrapper.application; includeInIndex = 0; path = "Unwind with Swift.app"; sourceTree = BUILT_PRODUCTS_DIR; };
		7FBCAD011B48DBD8002C2CF0 /* Info.plist */ = {isa = PBXFileReference; lastKnownFileType = text.plist.xml; path = Info.plist; sourceTree = "<group>"; };
		7FBCAD021B48DBD8002C2CF0 /* AppDelegate.swift */ = {isa = PBXFileReference; lastKnownFileType = sourcecode.swift; path = AppDelegate.swift; sourceTree = "<group>"; };
		7FBCAD041B48DBD8002C2CF0 /* ViewController.swift */ = {isa = PBXFileReference; lastKnownFileType = sourcecode.swift; path = ViewController.swift; sourceTree = "<group>"; };
		7FBCAD071B48DBD8002C2CF0 /* Base */ = {isa = PBXFileReference; lastKnownFileType = file.storyboard; name = Base; path = Base.lproj/Main.storyboard; sourceTree = "<group>"; };
		7FBCAD091B48DBD8002C2CF0 /* Images.xcassets */ = {isa = PBXFileReference; lastKnownFileType = folder.assetcatalog; path = Images.xcassets; sourceTree = "<group>"; };
		7FBCAD0C1B48DBD8002C2CF0 /* Base */ = {isa = PBXFileReference; lastKnownFileType = file.xib; name = Base; path = Base.lproj/LaunchScreen.xib; sourceTree = "<group>"; };
		7FBCAD121B48DBD9002C2CF0 /* Unwind with SwiftTests.xctest */ = {isa = PBXFileReference; explicitFileType = wrapper.cfbundle; includeInIndex = 0; path = "Unwind with SwiftTests.xctest"; sourceTree = BUILT_PRODUCTS_DIR; };
		7FBCAD171B48DBD9002C2CF0 /* Info.plist */ = {isa = PBXFileReference; lastKnownFileType = text.plist.xml; path = Info.plist; sourceTree = "<group>"; };
		7FBCAD181B48DBD9002C2CF0 /* Unwind_with_SwiftTests.swift */ = {isa = PBXFileReference; lastKnownFileType = sourcecode.swift; path = Unwind_with_SwiftTests.swift; sourceTree = "<group>"; };
		7FBCAD241B48E060002C2CF0 /* ColorTableViewController.swift */ = {isa = PBXFileReference; fileEncoding = 4; lastKnownFileType = sourcecode.swift; path = ColorTableViewController.swift; sourceTree = "<group>"; };
/* End PBXFileReference section */

/* Begin PBXFrameworksBuildPhase section */
		7FBCACFA1B48DBD8002C2CF0 /* Frameworks */ = {
			isa = PBXFrameworksBuildPhase;
			buildActionMask = 2147483647;
			files = (
			);
			runOnlyForDeploymentPostprocessing = 0;
		};
		7FBCAD0F1B48DBD9002C2CF0 /* Frameworks */ = {
			isa = PBXFrameworksBuildPhase;
			buildActionMask = 2147483647;
			files = (
			);
			runOnlyForDeploymentPostprocessing = 0;
		};
/* End PBXFrameworksBuildPhase section */

/* Begin PBXGroup section */
		7FBCACF41B48DBD8002C2CF0 = {
			isa = PBXGroup;
			children = (
				7FBCACFF1B48DBD8002C2CF0 /* Unwind with Swift */,
				7FBCAD151B48DBD9002C2CF0 /* Unwind with SwiftTests */,
				7FBCACFE1B48DBD8002C2CF0 /* Products */,
			);
			sourceTree = "<group>";
		};
		7FBCACFE1B48DBD8002C2CF0 /* Products */ = {
			isa = PBXGroup;
			children = (
				7FBCACFD1B48DBD8002C2CF0 /* Unwind with Swift.app */,
				7FBCAD121B48DBD9002C2CF0 /* Unwind with SwiftTests.xctest */,
			);
			name = Products;
			sourceTree = "<group>";
		};
		7FBCACFF1B48DBD8002C2CF0 /* Unwind with Swift */ = {
			isa = PBXGroup;
			children = (
				7FBCAD021B48DBD8002C2CF0 /* AppDelegate.swift */,
				7FBCAD041B48DBD8002C2CF0 /* ViewController.swift */,
				7FBCAD061B48DBD8002C2CF0 /* Main.storyboard */,
				7FBCAD241B48E060002C2CF0 /* ColorTableViewController.swift */,
				7FBCAD091B48DBD8002C2CF0 /* Images.xcassets */,
				7FBCAD0B1B48DBD8002C2CF0 /* LaunchScreen.xib */,
				7FBCAD001B48DBD8002C2CF0 /* Supporting Files */,
			);
			path = "Unwind with Swift";
			sourceTree = "<group>";
		};
		7FBCAD001B48DBD8002C2CF0 /* Supporting Files */ = {
			isa = PBXGroup;
			children = (
				7FBCAD011B48DBD8002C2CF0 /* Info.plist */,
			);
			name = "Supporting Files";
			sourceTree = "<group>";
		};
		7FBCAD151B48DBD9002C2CF0 /* Unwind with SwiftTests */ = {
			isa = PBXGroup;
			children = (
				7FBCAD181B48DBD9002C2CF0 /* Unwind_with_SwiftTests.swift */,
				7FBCAD161B48DBD9002C2CF0 /* Supporting Files */,
			);
			path = "Unwind with SwiftTests";
			sourceTree = "<group>";
		};
		7FBCAD161B48DBD9002C2CF0 /* Supporting Files */ = {
			isa = PBXGroup;
			children = (
				7FBCAD171B48DBD9002C2CF0 /* Info.plist */,
			);
			name = "Supporting Files";
			sourceTree = "<group>";
		};
/* End PBXGroup section */

/* Begin PBXNativeTarget section */
		7FBCACFC1B48DBD8002C2CF0 /* Unwind with Swift */ = {
			isa = PBXNativeTarget;
			buildConfigurationList = 7FBCAD1C1B48DBD9002C2CF0 /* Build configuration list for PBXNativeTarget "Unwind with Swift" */;
			buildPhases = (
				7FBCACF91B48DBD8002C2CF0 /* Sources */,
				7FBCACFA1B48DBD8002C2CF0 /* Frameworks */,
				7FBCACFB1B48DBD8002C2CF0 /* Resources */,
			);
			buildRules = (
			);
			dependencies = (
			);
			name = "Unwind with Swift";
			productName = "Unwind with Swift";
			productReference = 7FBCACFD1B48DBD8002C2CF0 /* Unwind with Swift.app */;
			productType = "com.apple.product-type.application";
		};
		7FBCAD111B48DBD9002C2CF0 /* Unwind with SwiftTests */ = {
			isa = PBXNativeTarget;
			buildConfigurationList = 7FBCAD1F1B48DBD9002C2CF0 /* Build configuration list for PBXNativeTarget "Unwind with SwiftTests" */;
			buildPhases = (
				7FBCAD0E1B48DBD9002C2CF0 /* Sources */,
				7FBCAD0F1B48DBD9002C2CF0 /* Frameworks */,
				7FBCAD101B48DBD9002C2CF0 /* Resources */,
			);
			buildRules = (
			);
			dependencies = (
				7FBCAD141B48DBD9002C2CF0 /* PBXTargetDependency */,
			);
			name = "Unwind with SwiftTests";
			productName = "Unwind with SwiftTests";
			productReference = 7FBCAD121B48DBD9002C2CF0 /* Unwind with SwiftTests.xctest */;
			productType = "com.apple.product-type.bundle.unit-test";
		};
/* End PBXNativeTarget section */

/* Begin PBXProject section */
		7FBCACF51B48DBD8002C2CF0 /* Project object */ = {
			isa = PBXProject;
			attributes = {
				LastSwiftUpdateCheck = 0730;
				LastUpgradeCheck = 0800;
				ORGANIZATIONNAME = "wLc Designs";
				TargetAttributes = {
					7FBCACFC1B48DBD8002C2CF0 = {
						CreatedOnToolsVersion = 6.4;
						DevelopmentTeam = PSLRJ6EG6T;
						LastSwiftMigration = 0800;
					};
					7FBCAD111B48DBD9002C2CF0 = {
						CreatedOnToolsVersion = 6.4;
						LastSwiftMigration = 0800;
						TestTargetID = 7FBCACFC1B48DBD8002C2CF0;
					};
				};
			};
			buildConfigurationList = 7FBCACF81B48DBD8002C2CF0 /* Build configuration list for PBXProject "Unwind with Swift" */;
			compatibilityVersion = "Xcode 3.2";
			developmentRegion = English;
			hasScannedForEncodings = 0;
			knownRegions = (
				en,
				Base,
			);
			mainGroup = 7FBCACF41B48DBD8002C2CF0;
			productRefGroup = 7FBCACFE1B48DBD8002C2CF0 /* Products */;
			projectDirPath = "";
			projectRoot = "";
			targets = (
				7FBCACFC1B48DBD8002C2CF0 /* Unwind with Swift */,
				7FBCAD111B48DBD9002C2CF0 /* Unwind with SwiftTests */,
			);
		};
/* End PBXProject section */

/* Begin PBXResourcesBuildPhase section */
		7FBCACFB1B48DBD8002C2CF0 /* Resources */ = {
			isa = PBXResourcesBuildPhase;
			buildActionMask = 2147483647;
			files = (
				7FBCAD081B48DBD8002C2CF0 /* Main.storyboard in Resources */,
				7FBCAD0D1B48DBD8002C2CF0 /* LaunchScreen.xib in Resources */,
				7FBCAD0A1B48DBD8002C2CF0 /* Images.xcassets in Resources */,
			);
			runOnlyForDeploymentPostprocessing = 0;
		};
		7FBCAD101B48DBD9002C2CF0 /* Resources */ = {
			isa = PBXResourcesBuildPhase;
			buildActionMask = 2147483647;
			files = (
			);
			runOnlyForDeploymentPostprocessing = 0;
		};
/* End PBXResourcesBuildPhase section */

/* Begin PBXSourcesBuildPhase section */
		7FBCACF91B48DBD8002C2CF0 /* Sources */ = {
			isa = PBXSourcesBuildPhase;
			buildActionMask = 2147483647;
			files = (
				7FBCAD051B48DBD8002C2CF0 /* ViewController.swift in Sources */,
				7FBCAD251B48E060002C2CF0 /* ColorTableViewController.swift in Sources */,
				7FBCAD031B48DBD8002C2CF0 /* AppDelegate.swift in Sources */,
			);
			runOnlyForDeploymentPostprocessing = 0;
		};
		7FBCAD0E1B48DBD9002C2CF0 /* Sources */ = {
			isa = PBXSourcesBuildPhase;
			buildActionMask = 2147483647;
			files = (
				7FBCAD191B48DBD9002C2CF0 /* Unwind_with_SwiftTests.swift in Sources */,
			);
			runOnlyForDeploymentPostprocessing = 0;
		};
/* End PBXSourcesBuildPhase section */

/* Begin PBXTargetDependency section */
		7FBCAD141B48DBD9002C2CF0 /* PBXTargetDependency */ = {
			isa = PBXTargetDependency;
			target = 7FBCACFC1B48DBD8002C2CF0 /* Unwind with Swift */;
			targetProxy = 7FBCAD131B48DBD9002C2CF0 /* PBXContainerItemProxy */;
		};
/* End PBXTargetDependency section */

/* Begin PBXVariantGroup section */
		7FBCAD061B48DBD8002C2CF0 /* Main.storyboard */ = {
			isa = PBXVariantGroup;
			children = (
				7FBCAD071B48DBD8002C2CF0 /* Base */,
			);
			name = Main.storyboard;
			sourceTree = "<group>";
		};
		7FBCAD0B1B48DBD8002C2CF0 /* LaunchScreen.xib */ = {
			isa = PBXVariantGroup;
			children = (
				7FBCAD0C1B48DBD8002C2CF0 /* Base */,
			);
			name = LaunchScreen.xib;
			sourceTree = "<group>";
		};
/* End PBXVariantGroup section */

/* Begin XCBuildConfiguration section */
		7FBCAD1A1B48DBD9002C2CF0 /* Debug */ = {
			isa = XCBuildConfiguration;
			buildSettings = {
				ALWAYS_SEARCH_USER_PATHS = NO;
				CLANG_CXX_LANGUAGE_STANDARD = "gnu++0x";
				CLANG_CXX_LIBRARY = "libc++";
				CLANG_ENABLE_MODULES = YES;
				CLANG_ENABLE_OBJC_ARC = YES;
				CLANG_WARN_BOOL_CONVERSION = YES;
				CLANG_WARN_CONSTANT_CONVERSION = YES;
				CLANG_WARN_DIRECT_OBJC_ISA_USAGE = YES_ERROR;
				CLANG_WARN_EMPTY_BODY = YES;
				CLANG_WARN_ENUM_CONVERSION = YES;
				CLANG_WARN_INFINITE_RECURSION = YES;
				CLANG_WARN_INT_CONVERSION = YES;
				CLANG_WARN_OBJC_ROOT_CLASS = YES_ERROR;
				CLANG_WARN_SUSPICIOUS_MOVE = YES;
				CLANG_WARN_UNREACHABLE_CODE = YES;
				CLANG_WARN__DUPLICATE_METHOD_MATCH = YES;
				"CODE_SIGN_IDENTITY[sdk=iphoneos*]" = "iPhone Developer";
				COPY_PHASE_STRIP = NO;
				DEBUG_INFORMATION_FORMAT = "dwarf-with-dsym";
				ENABLE_STRICT_OBJC_MSGSEND = YES;
				ENABLE_TESTABILITY = YES;
				GCC_C_LANGUAGE_STANDARD = gnu99;
				GCC_DYNAMIC_NO_PIC = NO;
				GCC_NO_COMMON_BLOCKS = YES;
				GCC_OPTIMIZATION_LEVEL = 0;
				GCC_PREPROCESSOR_DEFINITIONS = (
					"DEBUG=1",
					"$(inherited)",
				);
				GCC_SYMBOLS_PRIVATE_EXTERN = NO;
				GCC_WARN_64_TO_32_BIT_CONVERSION = YES;
				GCC_WARN_ABOUT_RETURN_TYPE = YES_ERROR;
				GCC_WARN_UNDECLARED_SELECTOR = YES;
				GCC_WARN_UNINITIALIZED_AUTOS = YES_AGGRESSIVE;
				GCC_WARN_UNUSED_FUNCTION = YES;
				GCC_WARN_UNUSED_VARIABLE = YES;
				IPHONEOS_DEPLOYMENT_TARGET = 8.4;
				MTL_ENABLE_DEBUG_INFO = YES;
				ONLY_ACTIVE_ARCH = YES;
				SDKROOT = iphoneos;
				SWIFT_OPTIMIZATION_LEVEL = "-Onone";
			};
			name = Debug;
		};
		7FBCAD1B1B48DBD9002C2CF0 /* Release */ = {
			isa = XCBuildConfiguration;
			buildSettings = {
				ALWAYS_SEARCH_USER_PATHS = NO;
				CLANG_CXX_LANGUAGE_STANDARD = "gnu++0x";
				CLANG_CXX_LIBRARY = "libc++";
				CLANG_ENABLE_MODULES = YES;
				CLANG_ENABLE_OBJC_ARC = YES;
				CLANG_WARN_BOOL_CONVERSION = YES;
				CLANG_WARN_CONSTANT_CONVERSION = YES;
				CLANG_WARN_DIRECT_OBJC_ISA_USAGE = YES_ERROR;
				CLANG_WARN_EMPTY_BODY = YES;
				CLANG_WARN_ENUM_CONVERSION = YES;
				CLANG_WARN_INFINITE_RECURSION = YES;
				CLANG_WARN_INT_CONVERSION = YES;
				CLANG_WARN_OBJC_ROOT_CLASS = YES_ERROR;
				CLANG_WARN_SUSPICIOUS_MOVE = YES;
				CLANG_WARN_UNREACHABLE_CODE = YES;
				CLANG_WARN__DUPLICATE_METHOD_MATCH = YES;
				"CODE_SIGN_IDENTITY[sdk=iphoneos*]" = "iPhone Developer";
				COPY_PHASE_STRIP = NO;
				DEBUG_INFORMATION_FORMAT = "dwarf-with-dsym";
				ENABLE_NS_ASSERTIONS = NO;
				ENABLE_STRICT_OBJC_MSGSEND = YES;
				GCC_C_LANGUAGE_STANDARD = gnu99;
				GCC_NO_COMMON_BLOCKS = YES;
				GCC_WARN_64_TO_32_BIT_CONVERSION = YES;
				GCC_WARN_ABOUT_RETURN_TYPE = YES_ERROR;
				GCC_WARN_UNDECLARED_SELECTOR = YES;
				GCC_WARN_UNINITIALIZED_AUTOS = YES_AGGRESSIVE;
				GCC_WARN_UNUSED_FUNCTION = YES;
				GCC_WARN_UNUSED_VARIABLE = YES;
				IPHONEOS_DEPLOYMENT_TARGET = 8.4;
				MTL_ENABLE_DEBUG_INFO = NO;
				SDKROOT = iphoneos;
				SWIFT_OPTIMIZATION_LEVEL = "-Owholemodule";
				VALIDATE_PRODUCT = YES;
			};
			name = Release;
		};
		7FBCAD1D1B48DBD9002C2CF0 /* Debug */ = {
			isa = XCBuildConfiguration;
			buildSettings = {
				ASSETCATALOG_COMPILER_APPICON_NAME = AppIcon;
				DEVELOPMENT_TEAM = PSLRJ6EG6T;
				INFOPLIST_FILE = "Unwind with Swift/Info.plist";
				LD_RUNPATH_SEARCH_PATHS = "$(inherited) @executable_path/Frameworks";
				PRODUCT_BUNDLE_IDENTIFIER = ymalinovsky.ChooseColor;
				PRODUCT_NAME = "$(TARGET_NAME)";
				SWIFT_VERSION = 2.3;
			};
			name = Debug;
		};
		7FBCAD1E1B48DBD9002C2CF0 /* Release */ = {
			isa = XCBuildConfiguration;
			buildSettings = {
				ASSETCATALOG_COMPILER_APPICON_NAME = AppIcon;
				DEVELOPMENT_TEAM = PSLRJ6EG6T;
				INFOPLIST_FILE = "Unwind with Swift/Info.plist";
				LD_RUNPATH_SEARCH_PATHS = "$(inherited) @executable_path/Frameworks";
				PRODUCT_BUNDLE_IDENTIFIER = ymalinovsky.ChooseColor;
				PRODUCT_NAME = "$(TARGET_NAME)";
				SWIFT_VERSION = 2.3;
			};
			name = Release;
		};
		7FBCAD201B48DBD9002C2CF0 /* Debug */ = {
			isa = XCBuildConfiguration;
			buildSettings = {
				BUNDLE_LOADER = "$(TEST_HOST)";
				FRAMEWORK_SEARCH_PATHS = (
					"$(SDKROOT)/Developer/Library/Frameworks",
					"$(inherited)",
				);
				GCC_PREPROCESSOR_DEFINITIONS = (
					"DEBUG=1",
					"$(inherited)",
				);
				INFOPLIST_FILE = "Unwind with SwiftTests/Info.plist";
				LD_RUNPATH_SEARCH_PATHS = "$(inherited) @executable_path/Frameworks @loader_path/Frameworks";
				PRODUCT_NAME = "$(TARGET_NAME)";
				SWIFT_VERSION = 2.3;
				TEST_HOST = "$(BUILT_PRODUCTS_DIR)/Unwind with Swift.app/Unwind with Swift";
			};
			name = Debug;
		};
		7FBCAD211B48DBD9002C2CF0 /* Release */ = {
			isa = XCBuildConfiguration;
			buildSettings = {
				BUNDLE_LOADER = "$(TEST_HOST)";
				FRAMEWORK_SEARCH_PATHS = (
					"$(SDKROOT)/Developer/Library/Frameworks",
					"$(inherited)",
				);
				INFOPLIST_FILE = "Unwind with SwiftTests/Info.plist";
				LD_RUNPATH_SEARCH_PATHS = "$(inherited) @executable_path/Frameworks @loader_path/Frameworks";
				PRODUCT_NAME = "$(TARGET_NAME)";
				SWIFT_VERSION = 2.3;
				TEST_HOST = "$(BUILT_PRODUCTS_DIR)/Unwind with Swift.app/Unwind with Swift";
			};
			name = Release;
		};
/* End XCBuildConfiguration section */

/* Begin XCConfigurationList section */
		7FBCACF81B48DBD8002C2CF0 /* Build configuration list for PBXProject "Unwind with Swift" */ = {
			isa = XCConfigurationList;
			buildConfigurations = (
				7FBCAD1A1B48DBD9002C2CF0 /* Debug */,
				7FBCAD1B1B48DBD9002C2CF0 /* Release */,
			);
			defaultConfigurationIsVisible = 0;
			defaultConfigurationName = Release;
		};
		7FBCAD1C1B48DBD9002C2CF0 /* Build configuration list for PBXNativeTarget "Unwind with Swift" */ = {
			isa = XCConfigurationList;
			buildConfigurations = (
				7FBCAD1D1B48DBD9002C2CF0 /* Debug */,
				7FBCAD1E1B48DBD9002C2CF0 /* Release */,
			);
			defaultConfigurationIsVisible = 0;
			defaultConfigurationName = Release;
		};
		7FBCAD1F1B48DBD9002C2CF0 /* Build configuration list for PBXNativeTarget "Unwind with SwiftTests" */ = {
			isa = XCConfigurationList;
			buildConfigurations = (
				7FBCAD201B48DBD9002C2CF0 /* Debug */,
				7FBCAD211B48DBD9002C2CF0 /* Release */,
			);
			defaultConfigurationIsVisible = 0;
			defaultConfigurationName = Release;
		};
/* End XCConfigurationList section */
	};
	rootObject = 7FBCACF51B48DBD8002C2CF0 /* Project object */;
}
